// !$*UTF8*$!
{
	archiveVersion = 1;
	classes = {
	};
	objectVersion = 46;
	objects = {

/* Begin PBXBuildFile section */
		8379D6601A86ACE5002FDDF7 /* AppDelegate.swift in Sources */ = {isa = PBXBuildFile; fileRef = 8379D65F1A86ACE5002FDDF7 /* AppDelegate.swift */; };
		8379D6621A86ACE5002FDDF7 /* ViewController.swift in Sources */ = {isa = PBXBuildFile; fileRef = 8379D6611A86ACE5002FDDF7 /* ViewController.swift */; };
		8379D6651A86ACE5002FDDF7 /* Main.storyboard in Resources */ = {isa = PBXBuildFile; fileRef = 8379D6631A86ACE5002FDDF7 /* Main.storyboard */; };
		8379D6671A86ACE5002FDDF7 /* Images.xcassets in Resources */ = {isa = PBXBuildFile; fileRef = 8379D6661A86ACE5002FDDF7 /* Images.xcassets */; };
		8379D66A1A86ACE5002FDDF7 /* LaunchScreen.xib in Resources */ = {isa = PBXBuildFile; fileRef = 8379D6681A86ACE5002FDDF7 /* LaunchScreen.xib */; };
		8379D6761A86ACE5002FDDF7 /* InterfaceExampleTests.swift in Sources */ = {isa = PBXBuildFile; fileRef = 8379D6751A86ACE5002FDDF7 /* InterfaceExampleTests.swift */; };
/* End PBXBuildFile section */

/* Begin PBXContainerItemProxy section */
		8379D6701A86ACE5002FDDF7 /* PBXContainerItemProxy */ = {
			isa = PBXContainerItemProxy;
			containerPortal = 8379D6521A86ACE5002FDDF7 /* Project object */;
			proxyType = 1;
			remoteGlobalIDString = 8379D6591A86ACE5002FDDF7;
			remoteInfo = InterfaceExample;
		};
/* End PBXContainerItemProxy section */

/* Begin PBXFileReference section */
		8379D65A1A86ACE5002FDDF7 /* InterfaceExample.app */ = {isa = PBXFileReference; explicitFileType = wrapper.application; includeInIndex = 0; path = InterfaceExample.app; sourceTree = BUILT_PRODUCTS_DIR; };
		8379D65E1A86ACE5002FDDF7 /* Info.plist */ = {isa = PBXFileReference; lastKnownFileType = text.plist.xml; path = Info.plist; sourceTree = "<group>"; };
		8379D65F1A86ACE5002FDDF7 /* AppDelegate.swift */ = {isa = PBXFileReference; lastKnownFileType = sourcecode.swift; path = AppDelegate.swift; sourceTree = "<group>"; };
		8379D6611A86ACE5002FDDF7 /* ViewController.swift */ = {isa = PBXFileReference; lastKnownFileType = sourcecode.swift; path = ViewController.swift; sourceTree = "<group>"; };
		8379D6641A86ACE5002FDDF7 /* Base */ = {isa = PBXFileReference; lastKnownFileType = file.storyboard; name = Base; path = Base.lproj/Main.storyboard; sourceTree = "<group>"; };
		8379D6661A86ACE5002FDDF7 /* Images.xcassets */ = {isa = PBXFileReference; lastKnownFileType = folder.assetcatalog; path = Images.xcassets; sourceTree = "<group>"; };
		8379D6691A86ACE5002FDDF7 /* Base */ = {isa = PBXFileReference; lastKnownFileType = file.xib; name = Base; path = Base.lproj/LaunchScreen.xib; sourceTree = "<group>"; };
		8379D66F1A86ACE5002FDDF7 /* InterfaceExampleTests.xctest */ = {isa = PBXFileReference; explicitFileType = wrapper.cfbundle; includeInIndex = 0; path = InterfaceExampleTests.xctest; sourceTree = BUILT_PRODUCTS_DIR; };
		8379D6741A86ACE5002FDDF7 /* Info.plist */ = {isa = PBXFileReference; lastKnownFileType = text.plist.xml; path = Info.plist; sourceTree = "<group>"; };
		8379D6751A86ACE5002FDDF7 /* InterfaceExampleTests.swift */ = {isa = PBXFileReference; lastKnownFileType = sourcecode.swift; path = InterfaceExampleTests.swift; sourceTree = "<group>"; };
/* End PBXFileReference section */

/* Begin PBXFrameworksBuildPhase section */
		8379D6571A86ACE5002FDDF7 /* Frameworks */ = {
			isa = PBXFrameworksBuildPhase;
			buildActionMask = 2147483647;
			files = (
			);
			runOnlyForDeploymentPostprocessing = 0;
		};
		8379D66C1A86ACE5002FDDF7 /* Frameworks */ = {
			isa = PBXFrameworksBuildPhase;
			buildActionMask = 2147483647;
			files = (
			);
			runOnlyForDeploymentPostprocessing = 0;
		};
/* End PBXFrameworksBuildPhase section */

/* Begin PBXGroup section */
		8379D6511A86ACE5002FDDF7 = {
			isa = PBXGroup;
			children = (
				8379D65C1A86ACE5002FDDF7 /* InterfaceExample */,
				8379D6721A86ACE5002FDDF7 /* InterfaceExampleTests */,
				8379D65B1A86ACE5002FDDF7 /* Products */,
			);
			sourceTree = "<group>";
		};
		8379D65B1A86ACE5002FDDF7 /* Products */ = {
			isa = PBXGroup;
			children = (
				8379D65A1A86ACE5002FDDF7 /* InterfaceExample.app */,
				8379D66F1A86ACE5002FDDF7 /* InterfaceExampleTests.xctest */,
			);
			name = Products;
			sourceTree = "<group>";
		};
		8379D65C1A86ACE5002FDDF7 /* InterfaceExample */ = {
			isa = PBXGroup;
			children = (
				8379D65F1A86ACE5002FDDF7 /* AppDelegate.swift */,
				8379D6611A86ACE5002FDDF7 /* ViewController.swift */,
				8379D6631A86ACE5002FDDF7 /* Main.storyboard */,
				8379D6661A86ACE5002FDDF7 /* Images.xcassets */,
				8379D6681A86ACE5002FDDF7 /* LaunchScreen.xib */,
				8379D65D1A86ACE5002FDDF7 /* Supporting Files */,
			);
			path = InterfaceExample;
			sourceTree = "<group>";
		};
		8379D65D1A86ACE5002FDDF7 /* Supporting Files */ = {
			isa = PBXGroup;
			children = (
				8379D65E1A86ACE5002FDDF7 /* Info.plist */,
			);
			name = "Supporting Files";
			sourceTree = "<group>";
		};
		8379D6721A86ACE5002FDDF7 /* InterfaceExampleTests */ = {
			isa = PBXGroup;
			children = (
				8379D6751A86ACE5002FDDF7 /* InterfaceExampleTests.swift */,
				8379D6731A86ACE5002FDDF7 /* Supporting Files */,
			);
			path = InterfaceExampleTests;
			sourceTree = "<group>";
		};
		8379D6731A86ACE5002FDDF7 /* Supporting Files */ = {
			isa = PBXGroup;
			children = (
				8379D6741A86ACE5002FDDF7 /* Info.plist */,
			);
			name = "Supporting Files";
			sourceTree = "<group>";
		};
/* End PBXGroup section */

/* Begin PBXNativeTarget section */
		8379D6591A86ACE5002FDDF7 /* InterfaceExample */ = {
			isa = PBXNativeTarget;
			buildConfigurationList = 8379D6791A86ACE5002FDDF7 /* Build configuration list for PBXNativeTarget "InterfaceExample" */;
			buildPhases = (
				8379D6561A86ACE5002FDDF7 /* Sources */,
				8379D6571A86ACE5002FDDF7 /* Frameworks */,
				8379D6581A86ACE5002FDDF7 /* Resources */,
			);
			buildRules = (
			);
			dependencies = (
			);
			name = InterfaceExample;
			productName = InterfaceExample;
			productReference = 8379D65A1A86ACE5002FDDF7 /* InterfaceExample.app */;
			productType = "com.apple.product-type.application";
		};
		8379D66E1A86ACE5002FDDF7 /* InterfaceExampleTests */ = {
			isa = PBXNativeTarget;
			buildConfigurationList = 8379D67C1A86ACE5002FDDF7 /* Build configuration list for PBXNativeTarget "InterfaceExampleTests" */;
			buildPhases = (
				8379D66B1A86ACE5002FDDF7 /* Sources */,
				8379D66C1A86ACE5002FDDF7 /* Frameworks */,
				8379D66D1A86ACE5002FDDF7 /* Resources */,
			);
			buildRules = (
			);
			dependencies = (
				8379D6711A86ACE5002FDDF7 /* PBXTargetDependency */,
			);
			name = InterfaceExampleTests;
			productName = InterfaceExampleTests;
			productReference = 8379D66F1A86ACE5002FDDF7 /* InterfaceExampleTests.xctest */;
			productType = "com.apple.product-type.bundle.unit-test";
		};
/* End PBXNativeTarget section */

/* Begin PBXProject section */
		8379D6521A86ACE5002FDDF7 /* Project object */ = {
			isa = PBXProject;
			attributes = {
				LastUpgradeCheck = 0610;
				ORGANIZATIONNAME = "Chris Grant";
				TargetAttributes = {
					8379D6591A86ACE5002FDDF7 = {
						CreatedOnToolsVersion = 6.1.1;
					};
					8379D66E1A86ACE5002FDDF7 = {
						CreatedOnToolsVersion = 6.1.1;
						TestTargetID = 8379D6591A86ACE5002FDDF7;
					};
				};
			};
			buildConfigurationList = 8379D6551A86ACE5002FDDF7 /* Build configuration list for PBXProject "InterfaceExample" */;
			compatibilityVersion = "Xcode 3.2";
			developmentRegion = English;
			hasScannedForEncodings = 0;
			knownRegions = (
				en,
				Base,
			);
			mainGroup = 8379D6511A86ACE5002FDDF7;
			productRefGroup = 8379D65B1A86ACE5002FDDF7 /* Products */;
			projectDirPath = "";
			projectRoot = "";
			targets = (
				8379D6591A86ACE5002FDDF7 /* InterfaceExample */,
				8379D66E1A86ACE5002FDDF7 /* InterfaceExampleTests */,
			);
		};
/* End PBXProject section */

/* Begin PBXResourcesBuildPhase section */
		8379D6581A86ACE5002FDDF7 /* Resources */ = {
			isa = PBXResourcesBuildPhase;
			buildActionMask = 2147483647;
			files = (
				8379D6651A86ACE5002FDDF7 /* Main.storyboard in Resources */,
				8379D66A1A86ACE5002FDDF7 /* LaunchScreen.xib in Resources */,
				8379D6671A86ACE5002FDDF7 /* Images.xcassets in Resources */,
			);
			runOnlyForDeploymentPostprocessing = 0;
		};
		8379D66D1A86ACE5002FDDF7 /* Resources */ = {
			isa = PBXResourcesBuildPhase;
			buildActionMask = 2147483647;
			files = (
			);
			runOnlyForDeploymentPostprocessing = 0;
		};
/* End PBXResourcesBuildPhase section */

/* Begin PBXSourcesBuildPhase section */
		8379D6561A86ACE5002FDDF7 /* Sources */ = {
			isa = PBXSourcesBuildPhase;
			buildActionMask = 2147483647;
			files = (
				8379D6621A86ACE5002FDDF7 /* ViewController.swift in Sources */,
				8379D6601A86ACE5002FDDF7 /* AppDelegate.swift in Sources */,
			);
			runOnlyForDeploymentPostprocessing = 0;
		};
		8379D66B1A86ACE5002FDDF7 /* Sources */ = {
			isa = PBXSourcesBuildPhase;
			buildActionMask = 2147483647;
			files = (
				8379D6761A86ACE5002FDDF7 /* InterfaceExampleTests.swift in Sources */,
			);
			runOnlyForDeploymentPostprocessing = 0;
		};
/* End PBXSourcesBuildPhase section */

/* Begin PBXTargetDependency section */
		8379D6711A86ACE5002FDDF7 /* PBXTargetDependency */ = {
			isa = PBXTargetDependency;
			target = 8379D6591A86ACE5002FDDF7 /* InterfaceExample */;
			targetProxy = 8379D6701A86ACE5002FDDF7 /* PBXContainerItemProxy */;
		};
/* End PBXTargetDependency section */

/* Begin PBXVariantGroup section */
		8379D6631A86ACE5002FDDF7 /* Main.storyboard */ = {
			isa = PBXVariantGroup;
			children = (
				8379D6641A86ACE5002FDDF7 /* Base */,
			);
			name = Main.storyboard;
			sourceTree = "<group>";
		};
		8379D6681A86ACE5002FDDF7 /* LaunchScreen.xib */ = {
			isa = PBXVariantGroup;
			children = (
				8379D6691A86ACE5002FDDF7 /* Base */,
			);
			name = LaunchScreen.xib;
			sourceTree = "<group>";
		};
/* End PBXVariantGroup section */

/* Begin XCBuildConfiguration section */
		8379D6771A86ACE5002FDDF7 /* Debug */ = {
			isa = XCBuildConfiguration;
			buildSettings = {
				ALWAYS_SEARCH_USER_PATHS = NO;
				CLANG_CXX_LANGUAGE_STANDARD = "gnu++0x";
				CLANG_CXX_LIBRARY = "libc++";
				CLANG_ENABLE_MODULES = YES;
				CLANG_ENABLE_OBJC_ARC = YES;
				CLANG_WARN_BOOL_CONVERSION = YES;
				CLANG_WARN_CONSTANT_CONVERSION = YES;
				CLANG_WARN_DIRECT_OBJC_ISA_USAGE = YES_ERROR;
				CLANG_WARN_EMPTY_BODY = YES;
				CLANG_WARN_ENUM_CONVERSION = YES;
				CLANG_WARN_INT_CONVERSION = YES;
				CLANG_WARN_OBJC_ROOT_CLASS = YES_ERROR;
				CLANG_WARN_UNREACHABLE_CODE = YES;
				CLANG_WARN__DUPLICATE_METHOD_MATCH = YES;
				"CODE_SIGN_IDENTITY[sdk=iphoneos*]" = "iPhone Developer";
				COPY_PHASE_STRIP = NO;
				ENABLE_STRICT_OBJC_MSGSEND = YES;
				GCC_C_LANGUAGE_STANDARD = gnu99;
				GCC_DYNAMIC_NO_PIC = NO;
				GCC_OPTIMIZATION_LEVEL = 0;
				GCC_PREPROCESSOR_DEFINITIONS = (
					"DEBUG=1",
					"$(inherited)",
				);
				GCC_SYMBOLS_PRIVATE_EXTERN = NO;
				GCC_WARN_64_TO_32_BIT_CONVERSION = YES;
				GCC_WARN_ABOUT_RETURN_TYPE = YES_ERROR;
				GCC_WARN_UNDECLARED_SELECTOR = YES;
				GCC_WARN_UNINITIALIZED_AUTOS = YES_AGGRESSIVE;
				GCC_WARN_UNUSED_FUNCTION = YES;
				GCC_WARN_UNUSED_VARIABLE = YES;
				IPHONEOS_DEPLOYMENT_TARGET = 8.1;
				MTL_ENABLE_DEBUG_INFO = YES;
				ONLY_ACTIVE_ARCH = YES;
				SDKROOT = iphoneos;
				SWIFT_OPTIMIZATION_LEVEL = "-Onone";
			};
			name = Debug;
		};
		8379D6781A86ACE5002FDDF7 /* Release */ = {
			isa = XCBuildConfiguration;
			buildSettings = {
				ALWAYS_SEARCH_USER_PATHS = NO;
				CLANG_CXX_LANGUAGE_STANDARD = "gnu++0x";
				CLANG_CXX_LIBRARY = "libc++";
				CLANG_ENABLE_MODULES = YES;
				CLANG_ENABLE_OBJC_ARC = YES;
				CLANG_WARN_BOOL_CONVERSION = YES;
				CLANG_WARN_CONSTANT_CONVERSION = YES;
				CLANG_WARN_DIRECT_OBJC_ISA_USAGE = YES_ERROR;
				CLANG_WARN_EMPTY_BODY = YES;
				CLANG_WARN_ENUM_CONVERSION = YES;
				CLANG_WARN_INT_CONVERSION = YES;
				CLANG_WARN_OBJC_ROOT_CLASS = YES_ERROR;
				CLANG_WARN_UNREACHABLE_CODE = YES;
				CLANG_WARN__DUPLICATE_METHOD_MATCH = YES;
				"CODE_SIGN_IDENTITY[sdk=iphoneos*]" = "iPhone Developer";
				COPY_PHASE_STRIP = YES;
				ENABLE_NS_ASSERTIONS = NO;
				ENABLE_STRICT_OBJC_MSGSEND = YES;
				GCC_C_LANGUAGE_STANDARD = gnu99;
				GCC_WARN_64_TO_32_BIT_CONVERSION = YES;
				GCC_WARN_ABOUT_RETURN_TYPE = YES_ERROR;
				GCC_WARN_UNDECLARED_SELECTOR = YES;
				GCC_WARN_UNINITIALIZED_AUTOS = YES_AGGRESSIVE;
				GCC_WARN_UNUSED_FUNCTION = YES;
				GCC_WARN_UNUSED_VARIABLE = YES;
				IPHONEOS_DEPLOYMENT_TARGET = 8.1;
				MTL_ENABLE_DEBUG_INFO = NO;
				SDKROOT = iphoneos;
				VALIDATE_PRODUCT = YES;
			};
			name = Release;
		};
		8379D67A1A86ACE5002FDDF7 /* Debug */ = {
			isa = XCBuildConfiguration;
			buildSettings = {
				ASSETCATALOG_COMPILER_APPICON_NAME = AppIcon;
				INFOPLIST_FILE = InterfaceExample/Info.plist;
				LD_RUNPATH_SEARCH_PATHS = "$(inherited) @executable_path/Frameworks";
				PRODUCT_NAME = "$(TARGET_NAME)";
			};
			name = Debug;
		};
		8379D67B1A86ACE5002FDDF7 /* Release */ = {
			isa = XCBuildConfiguration;
			buildSettings = {
				ASSETCATALOG_COMPILER_APPICON_NAME = AppIcon;
				INFOPLIST_FILE = InterfaceExample/Info.plist;
				LD_RUNPATH_SEARCH_PATHS = "$(inherited) @executable_path/Frameworks";
				PRODUCT_NAME = "$(TARGET_NAME)";
			};
			name = Release;
		};
		8379D67D1A86ACE5002FDDF7 /* Debug */ = {
			isa = XCBuildConfiguration;
			buildSettings = {
				BUNDLE_LOADER = "$(TEST_HOST)";
				FRAMEWORK_SEARCH_PATHS = (
					"$(SDKROOT)/Developer/Library/Frameworks",
					"$(inherited)",
				);
				GCC_PREPROCESSOR_DEFINITIONS = (
					"DEBUG=1",
					"$(inherited)",
				);
				INFOPLIST_FILE = InterfaceExampleTests/Info.plist;
				LD_RUNPATH_SEARCH_PATHS = "$(inherited) @executable_path/Frameworks @loader_path/Frameworks";
				PRODUCT_NAME = "$(TARGET_NAME)";
				TEST_HOST = "$(BUILT_PRODUCTS_DIR)/InterfaceExample.app/InterfaceExample";
			};
			name = Debug;
		};
		8379D67E1A86ACE5002FDDF7 /* Release */ = {
			isa = XCBuildConfiguration;
			buildSettings = {
				BUNDLE_LOADER = "$(TEST_HOST)";
				FRAMEWORK_SEARCH_PATHS = (
					"$(SDKROOT)/Developer/Library/Frameworks",
					"$(inherited)",
				);
				INFOPLIST_FILE = InterfaceExampleTests/Info.plist;
				LD_RUNPATH_SEARCH_PATHS = "$(inherited) @executable_path/Frameworks @loader_path/Frameworks";
				PRODUCT_NAME = "$(TARGET_NAME)";
				TEST_HOST = "$(BUILT_PRODUCTS_DIR)/InterfaceExample.app/InterfaceExample";
			};
			name = Release;
		};
/* End XCBuildConfiguration section */

/* Begin XCConfigurationList section */
		8379D6551A86ACE5002FDDF7 /* Build configuration list for PBXProject "InterfaceExample" */ = {
			isa = XCConfigurationList;
			buildConfigurations = (
				8379D6771A86ACE5002FDDF7 /* Debug */,
				8379D6781A86ACE5002FDDF7 /* Release */,
			);
			defaultConfigurationIsVisible = 0;
			defaultConfigurationName = Release;
		};
		8379D6791A86ACE5002FDDF7 /* Build configuration list for PBXNativeTarget "InterfaceExample" */ = {
			isa = XCConfigurationList;
			buildConfigurations = (
				8379D67A1A86ACE5002FDDF7 /* Debug */,
				8379D67B1A86ACE5002FDDF7 /* Release */,
			);
			defaultConfigurationIsVisible = 0;
		};
		8379D67C1A86ACE5002FDDF7 /* Build configuration list for PBXNativeTarget "InterfaceExampleTests" */ = {
			isa = XCConfigurationList;
			buildConfigurations = (
				8379D67D1A86ACE5002FDDF7 /* Debug */,
				8379D67E1A86ACE5002FDDF7 /* Release */,
			);
			defaultConfigurationIsVisible = 0;
		};
/* End XCConfigurationList section */
	};
	rootObject = 8379D6521A86ACE5002FDDF7 /* Project object */;
}
