// !$*UTF8*$!
{
	archiveVersion = 1;
	classes = {
	};
	objectVersion = 46;
	objects = {

/* Begin PBXBuildFile section */
		83D569F11A86974600A6D66A /* AppDelegate.swift in Sources */ = {isa = PBXBuildFile; fileRef = 83D569F01A86974600A6D66A /* AppDelegate.swift */; };
		83D569F31A86974600A6D66A /* ViewController.swift in Sources */ = {isa = PBXBuildFile; fileRef = 83D569F21A86974600A6D66A /* ViewController.swift */; };
		83D569F61A86974600A6D66A /* Main.storyboard in Resources */ = {isa = PBXBuildFile; fileRef = 83D569F41A86974600A6D66A /* Main.storyboard */; };
		83D569F81A86974600A6D66A /* Images.xcassets in Resources */ = {isa = PBXBuildFile; fileRef = 83D569F71A86974600A6D66A /* Images.xcassets */; };
		83D569FB1A86974600A6D66A /* LaunchScreen.xib in Resources */ = {isa = PBXBuildFile; fileRef = 83D569F91A86974600A6D66A /* LaunchScreen.xib */; };
		83D56A071A86974600A6D66A /* FirstDemoTests.swift in Sources */ = {isa = PBXBuildFile; fileRef = 83D56A061A86974600A6D66A /* FirstDemoTests.swift */; };
/* End PBXBuildFile section */

/* Begin PBXContainerItemProxy section */
		83D56A011A86974600A6D66A /* PBXContainerItemProxy */ = {
			isa = PBXContainerItemProxy;
			containerPortal = 83D569E31A86974600A6D66A /* Project object */;
			proxyType = 1;
			remoteGlobalIDString = 83D569EA1A86974600A6D66A;
			remoteInfo = FirstDemo;
		};
/* End PBXContainerItemProxy section */

/* Begin PBXFileReference section */
		83D569EB1A86974600A6D66A /* FirstDemo.app */ = {isa = PBXFileReference; explicitFileType = wrapper.application; includeInIndex = 0; path = FirstDemo.app; sourceTree = BUILT_PRODUCTS_DIR; };
		83D569EF1A86974600A6D66A /* Info.plist */ = {isa = PBXFileReference; lastKnownFileType = text.plist.xml; path = Info.plist; sourceTree = "<group>"; };
		83D569F01A86974600A6D66A /* AppDelegate.swift */ = {isa = PBXFileReference; lastKnownFileType = sourcecode.swift; path = AppDelegate.swift; sourceTree = "<group>"; };
		83D569F21A86974600A6D66A /* ViewController.swift */ = {isa = PBXFileReference; lastKnownFileType = sourcecode.swift; path = ViewController.swift; sourceTree = "<group>"; };
		83D569F51A86974600A6D66A /* Base */ = {isa = PBXFileReference; lastKnownFileType = file.storyboard; name = Base; path = Base.lproj/Main.storyboard; sourceTree = "<group>"; };
		83D569F71A86974600A6D66A /* Images.xcassets */ = {isa = PBXFileReference; lastKnownFileType = folder.assetcatalog; path = Images.xcassets; sourceTree = "<group>"; };
		83D569FA1A86974600A6D66A /* Base */ = {isa = PBXFileReference; lastKnownFileType = file.xib; name = Base; path = Base.lproj/LaunchScreen.xib; sourceTree = "<group>"; };
		83D56A001A86974600A6D66A /* FirstDemoTests.xctest */ = {isa = PBXFileReference; explicitFileType = wrapper.cfbundle; includeInIndex = 0; path = FirstDemoTests.xctest; sourceTree = BUILT_PRODUCTS_DIR; };
		83D56A051A86974600A6D66A /* Info.plist */ = {isa = PBXFileReference; lastKnownFileType = text.plist.xml; path = Info.plist; sourceTree = "<group>"; };
		83D56A061A86974600A6D66A /* FirstDemoTests.swift */ = {isa = PBXFileReference; lastKnownFileType = sourcecode.swift; path = FirstDemoTests.swift; sourceTree = "<group>"; };
/* End PBXFileReference section */

/* Begin PBXFrameworksBuildPhase section */
		83D569E81A86974600A6D66A /* Frameworks */ = {
			isa = PBXFrameworksBuildPhase;
			buildActionMask = 2147483647;
			files = (
			);
			runOnlyForDeploymentPostprocessing = 0;
		};
		83D569FD1A86974600A6D66A /* Frameworks */ = {
			isa = PBXFrameworksBuildPhase;
			buildActionMask = 2147483647;
			files = (
			);
			runOnlyForDeploymentPostprocessing = 0;
		};
/* End PBXFrameworksBuildPhase section */

/* Begin PBXGroup section */
		83D569E21A86974600A6D66A = {
			isa = PBXGroup;
			children = (
				83D569ED1A86974600A6D66A /* FirstDemo */,
				83D56A031A86974600A6D66A /* FirstDemoTests */,
				83D569EC1A86974600A6D66A /* Products */,
			);
			sourceTree = "<group>";
		};
		83D569EC1A86974600A6D66A /* Products */ = {
			isa = PBXGroup;
			children = (
				83D569EB1A86974600A6D66A /* FirstDemo.app */,
				83D56A001A86974600A6D66A /* FirstDemoTests.xctest */,
			);
			name = Products;
			sourceTree = "<group>";
		};
		83D569ED1A86974600A6D66A /* FirstDemo */ = {
			isa = PBXGroup;
			children = (
				83D569F01A86974600A6D66A /* AppDelegate.swift */,
				83D569F21A86974600A6D66A /* ViewController.swift */,
				83D569F41A86974600A6D66A /* Main.storyboard */,
				83D569F71A86974600A6D66A /* Images.xcassets */,
				83D569F91A86974600A6D66A /* LaunchScreen.xib */,
				83D569EE1A86974600A6D66A /* Supporting Files */,
			);
			path = FirstDemo;
			sourceTree = "<group>";
		};
		83D569EE1A86974600A6D66A /* Supporting Files */ = {
			isa = PBXGroup;
			children = (
				83D569EF1A86974600A6D66A /* Info.plist */,
			);
			name = "Supporting Files";
			sourceTree = "<group>";
		};
		83D56A031A86974600A6D66A /* FirstDemoTests */ = {
			isa = PBXGroup;
			children = (
				83D56A061A86974600A6D66A /* FirstDemoTests.swift */,
				83D56A041A86974600A6D66A /* Supporting Files */,
			);
			path = FirstDemoTests;
			sourceTree = "<group>";
		};
		83D56A041A86974600A6D66A /* Supporting Files */ = {
			isa = PBXGroup;
			children = (
				83D56A051A86974600A6D66A /* Info.plist */,
			);
			name = "Supporting Files";
			sourceTree = "<group>";
		};
/* End PBXGroup section */

/* Begin PBXNativeTarget section */
		83D569EA1A86974600A6D66A /* FirstDemo */ = {
			isa = PBXNativeTarget;
			buildConfigurationList = 83D56A0A1A86974600A6D66A /* Build configuration list for PBXNativeTarget "FirstDemo" */;
			buildPhases = (
				83D569E71A86974600A6D66A /* Sources */,
				83D569E81A86974600A6D66A /* Frameworks */,
				83D569E91A86974600A6D66A /* Resources */,
			);
			buildRules = (
			);
			dependencies = (
			);
			name = FirstDemo;
			productName = FirstDemo;
			productReference = 83D569EB1A86974600A6D66A /* FirstDemo.app */;
			productType = "com.apple.product-type.application";
		};
		83D569FF1A86974600A6D66A /* FirstDemoTests */ = {
			isa = PBXNativeTarget;
			buildConfigurationList = 83D56A0D1A86974600A6D66A /* Build configuration list for PBXNativeTarget "FirstDemoTests" */;
			buildPhases = (
				83D569FC1A86974600A6D66A /* Sources */,
				83D569FD1A86974600A6D66A /* Frameworks */,
				83D569FE1A86974600A6D66A /* Resources */,
			);
			buildRules = (
			);
			dependencies = (
				83D56A021A86974600A6D66A /* PBXTargetDependency */,
			);
			name = FirstDemoTests;
			productName = FirstDemoTests;
			productReference = 83D56A001A86974600A6D66A /* FirstDemoTests.xctest */;
			productType = "com.apple.product-type.bundle.unit-test";
		};
/* End PBXNativeTarget section */

/* Begin PBXProject section */
		83D569E31A86974600A6D66A /* Project object */ = {
			isa = PBXProject;
			attributes = {
				LastUpgradeCheck = 0610;
				ORGANIZATIONNAME = "Chris Grant";
				TargetAttributes = {
					83D569EA1A86974600A6D66A = {
						CreatedOnToolsVersion = 6.1.1;
					};
					83D569FF1A86974600A6D66A = {
						CreatedOnToolsVersion = 6.1.1;
						TestTargetID = 83D569EA1A86974600A6D66A;
					};
				};
			};
			buildConfigurationList = 83D569E61A86974600A6D66A /* Build configuration list for PBXProject "FirstDemo" */;
			compatibilityVersion = "Xcode 3.2";
			developmentRegion = English;
			hasScannedForEncodings = 0;
			knownRegions = (
				en,
				Base,
			);
			mainGroup = 83D569E21A86974600A6D66A;
			productRefGroup = 83D569EC1A86974600A6D66A /* Products */;
			projectDirPath = "";
			projectRoot = "";
			targets = (
				83D569EA1A86974600A6D66A /* FirstDemo */,
				83D569FF1A86974600A6D66A /* FirstDemoTests */,
			);
		};
/* End PBXProject section */

/* Begin PBXResourcesBuildPhase section */
		83D569E91A86974600A6D66A /* Resources */ = {
			isa = PBXResourcesBuildPhase;
			buildActionMask = 2147483647;
			files = (
				83D569F61A86974600A6D66A /* Main.storyboard in Resources */,
				83D569FB1A86974600A6D66A /* LaunchScreen.xib in Resources */,
				83D569F81A86974600A6D66A /* Images.xcassets in Resources */,
			);
			runOnlyForDeploymentPostprocessing = 0;
		};
		83D569FE1A86974600A6D66A /* Resources */ = {
			isa = PBXResourcesBuildPhase;
			buildActionMask = 2147483647;
			files = (
			);
			runOnlyForDeploymentPostprocessing = 0;
		};
/* End PBXResourcesBuildPhase section */

/* Begin PBXSourcesBuildPhase section */
		83D569E71A86974600A6D66A /* Sources */ = {
			isa = PBXSourcesBuildPhase;
			buildActionMask = 2147483647;
			files = (
				83D569F31A86974600A6D66A /* ViewController.swift in Sources */,
				83D569F11A86974600A6D66A /* AppDelegate.swift in Sources */,
			);
			runOnlyForDeploymentPostprocessing = 0;
		};
		83D569FC1A86974600A6D66A /* Sources */ = {
			isa = PBXSourcesBuildPhase;
			buildActionMask = 2147483647;
			files = (
				83D56A071A86974600A6D66A /* FirstDemoTests.swift in Sources */,
			);
			runOnlyForDeploymentPostprocessing = 0;
		};
/* End PBXSourcesBuildPhase section */

/* Begin PBXTargetDependency section */
		83D56A021A86974600A6D66A /* PBXTargetDependency */ = {
			isa = PBXTargetDependency;
			target = 83D569EA1A86974600A6D66A /* FirstDemo */;
			targetProxy = 83D56A011A86974600A6D66A /* PBXContainerItemProxy */;
		};
/* End PBXTargetDependency section */

/* Begin PBXVariantGroup section */
		83D569F41A86974600A6D66A /* Main.storyboard */ = {
			isa = PBXVariantGroup;
			children = (
				83D569F51A86974600A6D66A /* Base */,
			);
			name = Main.storyboard;
			sourceTree = "<group>";
		};
		83D569F91A86974600A6D66A /* LaunchScreen.xib */ = {
			isa = PBXVariantGroup;
			children = (
				83D569FA1A86974600A6D66A /* Base */,
			);
			name = LaunchScreen.xib;
			sourceTree = "<group>";
		};
/* End PBXVariantGroup section */

/* Begin XCBuildConfiguration section */
		83D56A081A86974600A6D66A /* Debug */ = {
			isa = XCBuildConfiguration;
			buildSettings = {
				ALWAYS_SEARCH_USER_PATHS = NO;
				CLANG_CXX_LANGUAGE_STANDARD = "gnu++0x";
				CLANG_CXX_LIBRARY = "libc++";
				CLANG_ENABLE_MODULES = YES;
				CLANG_ENABLE_OBJC_ARC = YES;
				CLANG_WARN_BOOL_CONVERSION = YES;
				CLANG_WARN_CONSTANT_CONVERSION = YES;
				CLANG_WARN_DIRECT_OBJC_ISA_USAGE = YES_ERROR;
				CLANG_WARN_EMPTY_BODY = YES;
				CLANG_WARN_ENUM_CONVERSION = YES;
				CLANG_WARN_INT_CONVERSION = YES;
				CLANG_WARN_OBJC_ROOT_CLASS = YES_ERROR;
				CLANG_WARN_UNREACHABLE_CODE = YES;
				CLANG_WARN__DUPLICATE_METHOD_MATCH = YES;
				"CODE_SIGN_IDENTITY[sdk=iphoneos*]" = "iPhone Developer";
				COPY_PHASE_STRIP = NO;
				ENABLE_STRICT_OBJC_MSGSEND = YES;
				GCC_C_LANGUAGE_STANDARD = gnu99;
				GCC_DYNAMIC_NO_PIC = NO;
				GCC_OPTIMIZATION_LEVEL = 0;
				GCC_PREPROCESSOR_DEFINITIONS = (
					"DEBUG=1",
					"$(inherited)",
				);
				GCC_SYMBOLS_PRIVATE_EXTERN = NO;
				GCC_WARN_64_TO_32_BIT_CONVERSION = YES;
				GCC_WARN_ABOUT_RETURN_TYPE = YES_ERROR;
				GCC_WARN_UNDECLARED_SELECTOR = YES;
				GCC_WARN_UNINITIALIZED_AUTOS = YES_AGGRESSIVE;
				GCC_WARN_UNUSED_FUNCTION = YES;
				GCC_WARN_UNUSED_VARIABLE = YES;
				IPHONEOS_DEPLOYMENT_TARGET = 8.1;
				MTL_ENABLE_DEBUG_INFO = YES;
				ONLY_ACTIVE_ARCH = YES;
				SDKROOT = iphoneos;
				SWIFT_OPTIMIZATION_LEVEL = "-Onone";
			};
			name = Debug;
		};
		83D56A091A86974600A6D66A /* Release */ = {
			isa = XCBuildConfiguration;
			buildSettings = {
				ALWAYS_SEARCH_USER_PATHS = NO;
				CLANG_CXX_LANGUAGE_STANDARD = "gnu++0x";
				CLANG_CXX_LIBRARY = "libc++";
				CLANG_ENABLE_MODULES = YES;
				CLANG_ENABLE_OBJC_ARC = YES;
				CLANG_WARN_BOOL_CONVERSION = YES;
				CLANG_WARN_CONSTANT_CONVERSION = YES;
				CLANG_WARN_DIRECT_OBJC_ISA_USAGE = YES_ERROR;
				CLANG_WARN_EMPTY_BODY = YES;
				CLANG_WARN_ENUM_CONVERSION = YES;
				CLANG_WARN_INT_CONVERSION = YES;
				CLANG_WARN_OBJC_ROOT_CLASS = YES_ERROR;
				CLANG_WARN_UNREACHABLE_CODE = YES;
				CLANG_WARN__DUPLICATE_METHOD_MATCH = YES;
				"CODE_SIGN_IDENTITY[sdk=iphoneos*]" = "iPhone Developer";
				COPY_PHASE_STRIP = YES;
				ENABLE_NS_ASSERTIONS = NO;
				ENABLE_STRICT_OBJC_MSGSEND = YES;
				GCC_C_LANGUAGE_STANDARD = gnu99;
				GCC_WARN_64_TO_32_BIT_CONVERSION = YES;
				GCC_WARN_ABOUT_RETURN_TYPE = YES_ERROR;
				GCC_WARN_UNDECLARED_SELECTOR = YES;
				GCC_WARN_UNINITIALIZED_AUTOS = YES_AGGRESSIVE;
				GCC_WARN_UNUSED_FUNCTION = YES;
				GCC_WARN_UNUSED_VARIABLE = YES;
				IPHONEOS_DEPLOYMENT_TARGET = 8.1;
				MTL_ENABLE_DEBUG_INFO = NO;
				SDKROOT = iphoneos;
				VALIDATE_PRODUCT = YES;
			};
			name = Release;
		};
		83D56A0B1A86974600A6D66A /* Debug */ = {
			isa = XCBuildConfiguration;
			buildSettings = {
				ASSETCATALOG_COMPILER_APPICON_NAME = AppIcon;
				INFOPLIST_FILE = FirstDemo/Info.plist;
				LD_RUNPATH_SEARCH_PATHS = "$(inherited) @executable_path/Frameworks";
				PRODUCT_NAME = "$(TARGET_NAME)";
			};
			name = Debug;
		};
		83D56A0C1A86974600A6D66A /* Release */ = {
			isa = XCBuildConfiguration;
			buildSettings = {
				ASSETCATALOG_COMPILER_APPICON_NAME = AppIcon;
				INFOPLIST_FILE = FirstDemo/Info.plist;
				LD_RUNPATH_SEARCH_PATHS = "$(inherited) @executable_path/Frameworks";
				PRODUCT_NAME = "$(TARGET_NAME)";
			};
			name = Release;
		};
		83D56A0E1A86974600A6D66A /* Debug */ = {
			isa = XCBuildConfiguration;
			buildSettings = {
				BUNDLE_LOADER = "$(TEST_HOST)";
				FRAMEWORK_SEARCH_PATHS = (
					"$(SDKROOT)/Developer/Library/Frameworks",
					"$(inherited)",
				);
				GCC_PREPROCESSOR_DEFINITIONS = (
					"DEBUG=1",
					"$(inherited)",
				);
				INFOPLIST_FILE = FirstDemoTests/Info.plist;
				LD_RUNPATH_SEARCH_PATHS = "$(inherited) @executable_path/Frameworks @loader_path/Frameworks";
				PRODUCT_NAME = "$(TARGET_NAME)";
				TEST_HOST = "$(BUILT_PRODUCTS_DIR)/FirstDemo.app/FirstDemo";
			};
			name = Debug;
		};
		83D56A0F1A86974600A6D66A /* Release */ = {
			isa = XCBuildConfiguration;
			buildSettings = {
				BUNDLE_LOADER = "$(TEST_HOST)";
				FRAMEWORK_SEARCH_PATHS = (
					"$(SDKROOT)/Developer/Library/Frameworks",
					"$(inherited)",
				);
				INFOPLIST_FILE = FirstDemoTests/Info.plist;
				LD_RUNPATH_SEARCH_PATHS = "$(inherited) @executable_path/Frameworks @loader_path/Frameworks";
				PRODUCT_NAME = "$(TARGET_NAME)";
				TEST_HOST = "$(BUILT_PRODUCTS_DIR)/FirstDemo.app/FirstDemo";
			};
			name = Release;
		};
/* End XCBuildConfiguration section */

/* Begin XCConfigurationList section */
		83D569E61A86974600A6D66A /* Build configuration list for PBXProject "FirstDemo" */ = {
			isa = XCConfigurationList;
			buildConfigurations = (
				83D56A081A86974600A6D66A /* Debug */,
				83D56A091A86974600A6D66A /* Release */,
			);
			defaultConfigurationIsVisible = 0;
			defaultConfigurationName = Release;
		};
		83D56A0A1A86974600A6D66A /* Build configuration list for PBXNativeTarget "FirstDemo" */ = {
			isa = XCConfigurationList;
			buildConfigurations = (
				83D56A0B1A86974600A6D66A /* Debug */,
				83D56A0C1A86974600A6D66A /* Release */,
			);
			defaultConfigurationIsVisible = 0;
		};
		83D56A0D1A86974600A6D66A /* Build configuration list for PBXNativeTarget "FirstDemoTests" */ = {
			isa = XCConfigurationList;
			buildConfigurations = (
				83D56A0E1A86974600A6D66A /* Debug */,
				83D56A0F1A86974600A6D66A /* Release */,
			);
			defaultConfigurationIsVisible = 0;
		};
/* End XCConfigurationList section */
	};
	rootObject = 83D569E31A86974600A6D66A /* Project object */;
}
