// !$*UTF8*$!
{
	archiveVersion = 1;
	classes = {
	};
	objectVersion = 46;
	objects = {

/* Begin PBXBuildFile section */
		83E459FE1A86F6BC00614BF0 /* AppDelegate.swift in Sources */ = {isa = PBXBuildFile; fileRef = 83E459FD1A86F6BC00614BF0 /* AppDelegate.swift */; };
		83E45A001A86F6BC00614BF0 /* ViewController.swift in Sources */ = {isa = PBXBuildFile; fileRef = 83E459FF1A86F6BC00614BF0 /* ViewController.swift */; };
		83E45A031A86F6BC00614BF0 /* Main.storyboard in Resources */ = {isa = PBXBuildFile; fileRef = 83E45A011A86F6BC00614BF0 /* Main.storyboard */; };
		83E45A051A86F6BC00614BF0 /* Images.xcassets in Resources */ = {isa = PBXBuildFile; fileRef = 83E45A041A86F6BC00614BF0 /* Images.xcassets */; };
		83E45A081A86F6BC00614BF0 /* LaunchScreen.xib in Resources */ = {isa = PBXBuildFile; fileRef = 83E45A061A86F6BC00614BF0 /* LaunchScreen.xib */; };
		83E45A141A86F6BC00614BF0 /* PickerDateTests.swift in Sources */ = {isa = PBXBuildFile; fileRef = 83E45A131A86F6BC00614BF0 /* PickerDateTests.swift */; };
/* End PBXBuildFile section */

/* Begin PBXContainerItemProxy section */
		83E45A0E1A86F6BC00614BF0 /* PBXContainerItemProxy */ = {
			isa = PBXContainerItemProxy;
			containerPortal = 83E459F01A86F6BC00614BF0 /* Project object */;
			proxyType = 1;
			remoteGlobalIDString = 83E459F71A86F6BC00614BF0;
			remoteInfo = PickerDate;
		};
/* End PBXContainerItemProxy section */

/* Begin PBXFileReference section */
		83E459F81A86F6BC00614BF0 /* PickerDate.app */ = {isa = PBXFileReference; explicitFileType = wrapper.application; includeInIndex = 0; path = PickerDate.app; sourceTree = BUILT_PRODUCTS_DIR; };
		83E459FC1A86F6BC00614BF0 /* Info.plist */ = {isa = PBXFileReference; lastKnownFileType = text.plist.xml; path = Info.plist; sourceTree = "<group>"; };
		83E459FD1A86F6BC00614BF0 /* AppDelegate.swift */ = {isa = PBXFileReference; lastKnownFileType = sourcecode.swift; path = AppDelegate.swift; sourceTree = "<group>"; };
		83E459FF1A86F6BC00614BF0 /* ViewController.swift */ = {isa = PBXFileReference; lastKnownFileType = sourcecode.swift; path = ViewController.swift; sourceTree = "<group>"; };
		83E45A021A86F6BC00614BF0 /* Base */ = {isa = PBXFileReference; lastKnownFileType = file.storyboard; name = Base; path = Base.lproj/Main.storyboard; sourceTree = "<group>"; };
		83E45A041A86F6BC00614BF0 /* Images.xcassets */ = {isa = PBXFileReference; lastKnownFileType = folder.assetcatalog; path = Images.xcassets; sourceTree = "<group>"; };
		83E45A071A86F6BC00614BF0 /* Base */ = {isa = PBXFileReference; lastKnownFileType = file.xib; name = Base; path = Base.lproj/LaunchScreen.xib; sourceTree = "<group>"; };
		83E45A0D1A86F6BC00614BF0 /* PickerDateTests.xctest */ = {isa = PBXFileReference; explicitFileType = wrapper.cfbundle; includeInIndex = 0; path = PickerDateTests.xctest; sourceTree = BUILT_PRODUCTS_DIR; };
		83E45A121A86F6BC00614BF0 /* Info.plist */ = {isa = PBXFileReference; lastKnownFileType = text.plist.xml; path = Info.plist; sourceTree = "<group>"; };
		83E45A131A86F6BC00614BF0 /* PickerDateTests.swift */ = {isa = PBXFileReference; lastKnownFileType = sourcecode.swift; path = PickerDateTests.swift; sourceTree = "<group>"; };
/* End PBXFileReference section */

/* Begin PBXFrameworksBuildPhase section */
		83E459F51A86F6BC00614BF0 /* Frameworks */ = {
			isa = PBXFrameworksBuildPhase;
			buildActionMask = 2147483647;
			files = (
			);
			runOnlyForDeploymentPostprocessing = 0;
		};
		83E45A0A1A86F6BC00614BF0 /* Frameworks */ = {
			isa = PBXFrameworksBuildPhase;
			buildActionMask = 2147483647;
			files = (
			);
			runOnlyForDeploymentPostprocessing = 0;
		};
/* End PBXFrameworksBuildPhase section */

/* Begin PBXGroup section */
		83E459EF1A86F6BC00614BF0 = {
			isa = PBXGroup;
			children = (
				83E459FA1A86F6BC00614BF0 /* PickerDate */,
				83E45A101A86F6BC00614BF0 /* PickerDateTests */,
				83E459F91A86F6BC00614BF0 /* Products */,
			);
			sourceTree = "<group>";
		};
		83E459F91A86F6BC00614BF0 /* Products */ = {
			isa = PBXGroup;
			children = (
				83E459F81A86F6BC00614BF0 /* PickerDate.app */,
				83E45A0D1A86F6BC00614BF0 /* PickerDateTests.xctest */,
			);
			name = Products;
			sourceTree = "<group>";
		};
		83E459FA1A86F6BC00614BF0 /* PickerDate */ = {
			isa = PBXGroup;
			children = (
				83E459FD1A86F6BC00614BF0 /* AppDelegate.swift */,
				83E459FF1A86F6BC00614BF0 /* ViewController.swift */,
				83E45A011A86F6BC00614BF0 /* Main.storyboard */,
				83E45A041A86F6BC00614BF0 /* Images.xcassets */,
				83E45A061A86F6BC00614BF0 /* LaunchScreen.xib */,
				83E459FB1A86F6BC00614BF0 /* Supporting Files */,
			);
			path = PickerDate;
			sourceTree = "<group>";
		};
		83E459FB1A86F6BC00614BF0 /* Supporting Files */ = {
			isa = PBXGroup;
			children = (
				83E459FC1A86F6BC00614BF0 /* Info.plist */,
			);
			name = "Supporting Files";
			sourceTree = "<group>";
		};
		83E45A101A86F6BC00614BF0 /* PickerDateTests */ = {
			isa = PBXGroup;
			children = (
				83E45A131A86F6BC00614BF0 /* PickerDateTests.swift */,
				83E45A111A86F6BC00614BF0 /* Supporting Files */,
			);
			path = PickerDateTests;
			sourceTree = "<group>";
		};
		83E45A111A86F6BC00614BF0 /* Supporting Files */ = {
			isa = PBXGroup;
			children = (
				83E45A121A86F6BC00614BF0 /* Info.plist */,
			);
			name = "Supporting Files";
			sourceTree = "<group>";
		};
/* End PBXGroup section */

/* Begin PBXNativeTarget section */
		83E459F71A86F6BC00614BF0 /* PickerDate */ = {
			isa = PBXNativeTarget;
			buildConfigurationList = 83E45A171A86F6BC00614BF0 /* Build configuration list for PBXNativeTarget "PickerDate" */;
			buildPhases = (
				83E459F41A86F6BC00614BF0 /* Sources */,
				83E459F51A86F6BC00614BF0 /* Frameworks */,
				83E459F61A86F6BC00614BF0 /* Resources */,
			);
			buildRules = (
			);
			dependencies = (
			);
			name = PickerDate;
			productName = PickerDate;
			productReference = 83E459F81A86F6BC00614BF0 /* PickerDate.app */;
			productType = "com.apple.product-type.application";
		};
		83E45A0C1A86F6BC00614BF0 /* PickerDateTests */ = {
			isa = PBXNativeTarget;
			buildConfigurationList = 83E45A1A1A86F6BC00614BF0 /* Build configuration list for PBXNativeTarget "PickerDateTests" */;
			buildPhases = (
				83E45A091A86F6BC00614BF0 /* Sources */,
				83E45A0A1A86F6BC00614BF0 /* Frameworks */,
				83E45A0B1A86F6BC00614BF0 /* Resources */,
			);
			buildRules = (
			);
			dependencies = (
				83E45A0F1A86F6BC00614BF0 /* PBXTargetDependency */,
			);
			name = PickerDateTests;
			productName = PickerDateTests;
			productReference = 83E45A0D1A86F6BC00614BF0 /* PickerDateTests.xctest */;
			productType = "com.apple.product-type.bundle.unit-test";
		};
/* End PBXNativeTarget section */

/* Begin PBXProject section */
		83E459F01A86F6BC00614BF0 /* Project object */ = {
			isa = PBXProject;
			attributes = {
				LastUpgradeCheck = 0610;
				ORGANIZATIONNAME = "Chris Grant";
				TargetAttributes = {
					83E459F71A86F6BC00614BF0 = {
						CreatedOnToolsVersion = 6.1.1;
					};
					83E45A0C1A86F6BC00614BF0 = {
						CreatedOnToolsVersion = 6.1.1;
						TestTargetID = 83E459F71A86F6BC00614BF0;
					};
				};
			};
			buildConfigurationList = 83E459F31A86F6BC00614BF0 /* Build configuration list for PBXProject "PickerDate" */;
			compatibilityVersion = "Xcode 3.2";
			developmentRegion = English;
			hasScannedForEncodings = 0;
			knownRegions = (
				en,
				Base,
			);
			mainGroup = 83E459EF1A86F6BC00614BF0;
			productRefGroup = 83E459F91A86F6BC00614BF0 /* Products */;
			projectDirPath = "";
			projectRoot = "";
			targets = (
				83E459F71A86F6BC00614BF0 /* PickerDate */,
				83E45A0C1A86F6BC00614BF0 /* PickerDateTests */,
			);
		};
/* End PBXProject section */

/* Begin PBXResourcesBuildPhase section */
		83E459F61A86F6BC00614BF0 /* Resources */ = {
			isa = PBXResourcesBuildPhase;
			buildActionMask = 2147483647;
			files = (
				83E45A031A86F6BC00614BF0 /* Main.storyboard in Resources */,
				83E45A081A86F6BC00614BF0 /* LaunchScreen.xib in Resources */,
				83E45A051A86F6BC00614BF0 /* Images.xcassets in Resources */,
			);
			runOnlyForDeploymentPostprocessing = 0;
		};
		83E45A0B1A86F6BC00614BF0 /* Resources */ = {
			isa = PBXResourcesBuildPhase;
			buildActionMask = 2147483647;
			files = (
			);
			runOnlyForDeploymentPostprocessing = 0;
		};
/* End PBXResourcesBuildPhase section */

/* Begin PBXSourcesBuildPhase section */
		83E459F41A86F6BC00614BF0 /* Sources */ = {
			isa = PBXSourcesBuildPhase;
			buildActionMask = 2147483647;
			files = (
				83E45A001A86F6BC00614BF0 /* ViewController.swift in Sources */,
				83E459FE1A86F6BC00614BF0 /* AppDelegate.swift in Sources */,
			);
			runOnlyForDeploymentPostprocessing = 0;
		};
		83E45A091A86F6BC00614BF0 /* Sources */ = {
			isa = PBXSourcesBuildPhase;
			buildActionMask = 2147483647;
			files = (
				83E45A141A86F6BC00614BF0 /* PickerDateTests.swift in Sources */,
			);
			runOnlyForDeploymentPostprocessing = 0;
		};
/* End PBXSourcesBuildPhase section */

/* Begin PBXTargetDependency section */
		83E45A0F1A86F6BC00614BF0 /* PBXTargetDependency */ = {
			isa = PBXTargetDependency;
			target = 83E459F71A86F6BC00614BF0 /* PickerDate */;
			targetProxy = 83E45A0E1A86F6BC00614BF0 /* PBXContainerItemProxy */;
		};
/* End PBXTargetDependency section */

/* Begin PBXVariantGroup section */
		83E45A011A86F6BC00614BF0 /* Main.storyboard */ = {
			isa = PBXVariantGroup;
			children = (
				83E45A021A86F6BC00614BF0 /* Base */,
			);
			name = Main.storyboard;
			sourceTree = "<group>";
		};
		83E45A061A86F6BC00614BF0 /* LaunchScreen.xib */ = {
			isa = PBXVariantGroup;
			children = (
				83E45A071A86F6BC00614BF0 /* Base */,
			);
			name = LaunchScreen.xib;
			sourceTree = "<group>";
		};
/* End PBXVariantGroup section */

/* Begin XCBuildConfiguration section */
		83E45A151A86F6BC00614BF0 /* Debug */ = {
			isa = XCBuildConfiguration;
			buildSettings = {
				ALWAYS_SEARCH_USER_PATHS = NO;
				CLANG_CXX_LANGUAGE_STANDARD = "gnu++0x";
				CLANG_CXX_LIBRARY = "libc++";
				CLANG_ENABLE_MODULES = YES;
				CLANG_ENABLE_OBJC_ARC = YES;
				CLANG_WARN_BOOL_CONVERSION = YES;
				CLANG_WARN_CONSTANT_CONVERSION = YES;
				CLANG_WARN_DIRECT_OBJC_ISA_USAGE = YES_ERROR;
				CLANG_WARN_EMPTY_BODY = YES;
				CLANG_WARN_ENUM_CONVERSION = YES;
				CLANG_WARN_INT_CONVERSION = YES;
				CLANG_WARN_OBJC_ROOT_CLASS = YES_ERROR;
				CLANG_WARN_UNREACHABLE_CODE = YES;
				CLANG_WARN__DUPLICATE_METHOD_MATCH = YES;
				"CODE_SIGN_IDENTITY[sdk=iphoneos*]" = "iPhone Developer";
				COPY_PHASE_STRIP = NO;
				ENABLE_STRICT_OBJC_MSGSEND = YES;
				GCC_C_LANGUAGE_STANDARD = gnu99;
				GCC_DYNAMIC_NO_PIC = NO;
				GCC_OPTIMIZATION_LEVEL = 0;
				GCC_PREPROCESSOR_DEFINITIONS = (
					"DEBUG=1",
					"$(inherited)",
				);
				GCC_SYMBOLS_PRIVATE_EXTERN = NO;
				GCC_WARN_64_TO_32_BIT_CONVERSION = YES;
				GCC_WARN_ABOUT_RETURN_TYPE = YES_ERROR;
				GCC_WARN_UNDECLARED_SELECTOR = YES;
				GCC_WARN_UNINITIALIZED_AUTOS = YES_AGGRESSIVE;
				GCC_WARN_UNUSED_FUNCTION = YES;
				GCC_WARN_UNUSED_VARIABLE = YES;
				IPHONEOS_DEPLOYMENT_TARGET = 8.1;
				MTL_ENABLE_DEBUG_INFO = YES;
				ONLY_ACTIVE_ARCH = YES;
				SDKROOT = iphoneos;
				SWIFT_OPTIMIZATION_LEVEL = "-Onone";
			};
			name = Debug;
		};
		83E45A161A86F6BC00614BF0 /* Release */ = {
			isa = XCBuildConfiguration;
			buildSettings = {
				ALWAYS_SEARCH_USER_PATHS = NO;
				CLANG_CXX_LANGUAGE_STANDARD = "gnu++0x";
				CLANG_CXX_LIBRARY = "libc++";
				CLANG_ENABLE_MODULES = YES;
				CLANG_ENABLE_OBJC_ARC = YES;
				CLANG_WARN_BOOL_CONVERSION = YES;
				CLANG_WARN_CONSTANT_CONVERSION = YES;
				CLANG_WARN_DIRECT_OBJC_ISA_USAGE = YES_ERROR;
				CLANG_WARN_EMPTY_BODY = YES;
				CLANG_WARN_ENUM_CONVERSION = YES;
				CLANG_WARN_INT_CONVERSION = YES;
				CLANG_WARN_OBJC_ROOT_CLASS = YES_ERROR;
				CLANG_WARN_UNREACHABLE_CODE = YES;
				CLANG_WARN__DUPLICATE_METHOD_MATCH = YES;
				"CODE_SIGN_IDENTITY[sdk=iphoneos*]" = "iPhone Developer";
				COPY_PHASE_STRIP = YES;
				ENABLE_NS_ASSERTIONS = NO;
				ENABLE_STRICT_OBJC_MSGSEND = YES;
				GCC_C_LANGUAGE_STANDARD = gnu99;
				GCC_WARN_64_TO_32_BIT_CONVERSION = YES;
				GCC_WARN_ABOUT_RETURN_TYPE = YES_ERROR;
				GCC_WARN_UNDECLARED_SELECTOR = YES;
				GCC_WARN_UNINITIALIZED_AUTOS = YES_AGGRESSIVE;
				GCC_WARN_UNUSED_FUNCTION = YES;
				GCC_WARN_UNUSED_VARIABLE = YES;
				IPHONEOS_DEPLOYMENT_TARGET = 8.1;
				MTL_ENABLE_DEBUG_INFO = NO;
				SDKROOT = iphoneos;
				VALIDATE_PRODUCT = YES;
			};
			name = Release;
		};
		83E45A181A86F6BC00614BF0 /* Debug */ = {
			isa = XCBuildConfiguration;
			buildSettings = {
				ASSETCATALOG_COMPILER_APPICON_NAME = AppIcon;
				INFOPLIST_FILE = PickerDate/Info.plist;
				LD_RUNPATH_SEARCH_PATHS = "$(inherited) @executable_path/Frameworks";
				PRODUCT_NAME = "$(TARGET_NAME)";
			};
			name = Debug;
		};
		83E45A191A86F6BC00614BF0 /* Release */ = {
			isa = XCBuildConfiguration;
			buildSettings = {
				ASSETCATALOG_COMPILER_APPICON_NAME = AppIcon;
				INFOPLIST_FILE = PickerDate/Info.plist;
				LD_RUNPATH_SEARCH_PATHS = "$(inherited) @executable_path/Frameworks";
				PRODUCT_NAME = "$(TARGET_NAME)";
			};
			name = Release;
		};
		83E45A1B1A86F6BC00614BF0 /* Debug */ = {
			isa = XCBuildConfiguration;
			buildSettings = {
				BUNDLE_LOADER = "$(TEST_HOST)";
				FRAMEWORK_SEARCH_PATHS = (
					"$(SDKROOT)/Developer/Library/Frameworks",
					"$(inherited)",
				);
				GCC_PREPROCESSOR_DEFINITIONS = (
					"DEBUG=1",
					"$(inherited)",
				);
				INFOPLIST_FILE = PickerDateTests/Info.plist;
				LD_RUNPATH_SEARCH_PATHS = "$(inherited) @executable_path/Frameworks @loader_path/Frameworks";
				PRODUCT_NAME = "$(TARGET_NAME)";
				TEST_HOST = "$(BUILT_PRODUCTS_DIR)/PickerDate.app/PickerDate";
			};
			name = Debug;
		};
		83E45A1C1A86F6BC00614BF0 /* Release */ = {
			isa = XCBuildConfiguration;
			buildSettings = {
				BUNDLE_LOADER = "$(TEST_HOST)";
				FRAMEWORK_SEARCH_PATHS = (
					"$(SDKROOT)/Developer/Library/Frameworks",
					"$(inherited)",
				);
				INFOPLIST_FILE = PickerDateTests/Info.plist;
				LD_RUNPATH_SEARCH_PATHS = "$(inherited) @executable_path/Frameworks @loader_path/Frameworks";
				PRODUCT_NAME = "$(TARGET_NAME)";
				TEST_HOST = "$(BUILT_PRODUCTS_DIR)/PickerDate.app/PickerDate";
			};
			name = Release;
		};
/* End XCBuildConfiguration section */

/* Begin XCConfigurationList section */
		83E459F31A86F6BC00614BF0 /* Build configuration list for PBXProject "PickerDate" */ = {
			isa = XCConfigurationList;
			buildConfigurations = (
				83E45A151A86F6BC00614BF0 /* Debug */,
				83E45A161A86F6BC00614BF0 /* Release */,
			);
			defaultConfigurationIsVisible = 0;
			defaultConfigurationName = Release;
		};
		83E45A171A86F6BC00614BF0 /* Build configuration list for PBXNativeTarget "PickerDate" */ = {
			isa = XCConfigurationList;
			buildConfigurations = (
				83E45A181A86F6BC00614BF0 /* Debug */,
				83E45A191A86F6BC00614BF0 /* Release */,
			);
			defaultConfigurationIsVisible = 0;
		};
		83E45A1A1A86F6BC00614BF0 /* Build configuration list for PBXNativeTarget "PickerDateTests" */ = {
			isa = XCConfigurationList;
			buildConfigurations = (
				83E45A1B1A86F6BC00614BF0 /* Debug */,
				83E45A1C1A86F6BC00614BF0 /* Release */,
			);
			defaultConfigurationIsVisible = 0;
		};
/* End XCConfigurationList section */
	};
	rootObject = 83E459F01A86F6BC00614BF0 /* Project object */;
}
